
Microsoft Visual Studio Solution File, Format Version 11.00
# Visual Studio 2010
Project("{FAE04EC0-301F-11D3-BF4B-00C04F79EFBC}") = "AdrenalineRush", "AdrenalineRush\AdrenalineRush\AdrenalineRush.csproj", "{70ECC788-508D-4103-8AFA-E4D3C0567D55}"
EndProject
Project("{FAE04EC0-301F-11D3-BF4B-00C04F79EFBC}") = "AdrenalineRushContent", "AdrenalineRush\AdrenalineRushContent\AdrenalineRushContent.contentproj", "{86079AFD-85C0-42D4-BC9A-2B70B0555E26}"
EndProject
Project("{FAE04EC0-301F-11D3-BF4B-00C04F79EFBC}") = "AdrenalineRush.Sound", "AdrenalineRush\AdrenalineRush.Sound\AdrenalineRush.Sound.csproj", "{6B93A9FB-6C53-4749-823A-0EA4D17FE139}"
EndProject
Global
	GlobalSection(SolutionConfigurationPlatforms) = preSolution
		Debug|Any CPU = Debug|Any CPU
		Debug|Mixed Platforms = Debug|Mixed Platforms
		Debug|x86 = Debug|x86
		Release|Any CPU = Release|Any CPU
		Release|Mixed Platforms = Release|Mixed Platforms
		Release|x86 = Release|x86
	EndGlobalSection
	GlobalSection(ProjectConfigurationPlatforms) = postSolution
		{70ECC788-508D-4103-8AFA-E4D3C0567D55}.Debug|Any CPU.ActiveCfg = Debug|x86
		{70ECC788-508D-4103-8AFA-E4D3C0567D55}.Debug|Mixed Platforms.ActiveCfg = Debug|x86
		{70ECC788-508D-4103-8AFA-E4D3C0567D55}.Debug|Mixed Platforms.Build.0 = Debug|x86
		{70ECC788-508D-4103-8AFA-E4D3C0567D55}.Debug|x86.ActiveCfg = Debug|x86
		{70ECC788-508D-4103-8AFA-E4D3C0567D55}.Debug|x86.Build.0 = Debug|x86
		{70ECC788-508D-4103-8AFA-E4D3C0567D55}.Release|Any CPU.ActiveCfg = Release|x86
		{70ECC788-508D-4103-8AFA-E4D3C0567D55}.Release|Mixed Platforms.ActiveCfg = Release|x86
		{70ECC788-508D-4103-8AFA-E4D3C0567D55}.Release|Mixed Platforms.Build.0 = Release|x86
		{70ECC788-508D-4103-8AFA-E4D3C0567D55}.Release|x86.ActiveCfg = Release|x86
		{70ECC788-508D-4103-8AFA-E4D3C0567D55}.Release|x86.Build.0 = Release|x86
		{86079AFD-85C0-42D4-BC9A-2B70B0555E26}.Debug|Any CPU.ActiveCfg = Debug|x86
		{86079AFD-85C0-42D4-BC9A-2B70B0555E26}.Debug|Mixed Platforms.ActiveCfg = Debug|x86
		{86079AFD-85C0-42D4-BC9A-2B70B0555E26}.Debug|x86.ActiveCfg = Debug|x86
		{86079AFD-85C0-42D4-BC9A-2B70B0555E26}.Release|Any CPU.ActiveCfg = Release|x86
		{86079AFD-85C0-42D4-BC9A-2B70B0555E26}.Release|Mixed Platforms.ActiveCfg = Release|x86
		{86079AFD-85C0-42D4-BC9A-2B70B0555E26}.Release|x86.ActiveCfg = Release|x86
		{6B93A9FB-6C53-4749-823A-0EA4D17FE139}.Debug|Any CPU.ActiveCfg = Debug|x86
		{6B93A9FB-6C53-4749-823A-0EA4D17FE139}.Debug|Mixed Platforms.ActiveCfg = Debug|x86
		{6B93A9FB-6C53-4749-823A-0EA4D17FE139}.Debug|Mixed Platforms.Build.0 = Debug|x86
		{6B93A9FB-6C53-4749-823A-0EA4D17FE139}.Debug|x86.ActiveCfg = Debug|x86
		{6B93A9FB-6C53-4749-823A-0EA4D17FE139}.Debug|x86.Build.0 = Debug|x86
		{6B93A9FB-6C53-4749-823A-0EA4D17FE139}.Release|Any CPU.ActiveCfg = Release|x86
		{6B93A9FB-6C53-4749-823A-0EA4D17FE139}.Release|Mixed Platforms.ActiveCfg = Release|x86
		{6B93A9FB-6C53-4749-823A-0EA4D17FE139}.Release|Mixed Platforms.Build.0 = Release|x86
		{6B93A9FB-6C53-4749-823A-0EA4D17FE139}.Release|x86.ActiveCfg = Release|x86
		{6B93A9FB-6C53-4749-823A-0EA4D17FE139}.Release|x86.Build.0 = Release|x86
	EndGlobalSection
	GlobalSection(SolutionProperties) = preSolution
		HideSolutionNode = FALSE
	EndGlobalSection
EndGlobal
